Microsoft Visual Studio Solution File, Format Version 11.00
# Visual Studio 2008

Project("{B9F4AF10-4C0C-92B2-BB32-4F2969A64BC0}") = "KitchenUber", "Assembly-CSharp.csproj", "{E0FA9F27-6950-6509-BDB5-26825BC10F0E}"
EndProject
Global
	GlobalSection(SolutionConfigurationPlatforms) = preSolution
		Debug|Any CPU = Debug|Any CPU
		Release|Any CPU = Release|Any CPU
	EndGlobalSection
	GlobalSection(ProjectConfigurationPlatforms) = postSolution
		{E0FA9F27-6950-6509-BDB5-26825BC10F0E}.Debug|Any CPU.ActiveCfg = Debug|Any CPU
		{E0FA9F27-6950-6509-BDB5-26825BC10F0E}.Debug|Any CPU.Build.0 = Debug|Any CPU
		{E0FA9F27-6950-6509-BDB5-26825BC10F0E}.Release|Any CPU.ActiveCfg = Release|Any CPU
		{E0FA9F27-6950-6509-BDB5-26825BC10F0E}.Release|Any CPU.Build.0 = Release|Any CPU
	EndGlobalSection
	GlobalSection(SolutionProperties) = preSolution
		HideSolutionNode = FALSE
	EndGlobalSection
	GlobalSection(MonoDevelopProperties) = preSolution
		StartupItem = Assembly-CSharp.csproj
	EndGlobalSection
EndGlobal
